// !$*UTF8*$!
{
	archiveVersion = 1;
	classes = {
	};
	objectVersion = 46;
	objects = {

/* Begin PBXBuildFile section */
		6400D0F61D280B4500B219CD /* AppPlayPause.scpt in Resources */ = {isa = PBXBuildFile; fileRef = 6400D0F51D280B4500B219CD /* AppPlayPause.scpt */; };
		64103AC31D5961CD00533330 /* YouTubeSelectorView.swift in Sources */ = {isa = PBXBuildFile; fileRef = 64103AC21D5961CD00533330 /* YouTubeSelectorView.swift */; };
		64262BB51D5AA2A10005BFCE /* YouTubeSelection.scpt in Resources */ = {isa = PBXBuildFile; fileRef = 64262BB41D5AA2A10005BFCE /* YouTubeSelection.scpt */; };
		64352E2F1D315A4E00758185 /* UniversalPause.scpt in Resources */ = {isa = PBXBuildFile; fileRef = 64352E2E1D315A4E00758185 /* UniversalPause.scpt */; };
		64352E311D315F1D00758185 /* Assets.xcassets in Resources */ = {isa = PBXBuildFile; fileRef = 64352E301D315F1D00758185 /* Assets.xcassets */; };
		6468E1841D414EDC00D64694 /* AppDelegate.swift in Sources */ = {isa = PBXBuildFile; fileRef = 6468E1831D414EDC00D64694 /* AppDelegate.swift */; };
		6468E1861D414EDC00D64694 /* Assets.xcassets in Resources */ = {isa = PBXBuildFile; fileRef = 6468E1851D414EDC00D64694 /* Assets.xcassets */; };
		6468E1891D414EDC00D64694 /* MainMenu.xib in Resources */ = {isa = PBXBuildFile; fileRef = 6468E1871D414EDC00D64694 /* MainMenu.xib */; };
		6468E18F1D41504D00D64694 /* MegalomediaHelper.app in CopyFiles */ = {isa = PBXBuildFile; fileRef = 6468E1811D414EDC00D64694 /* MegalomediaHelper.app */; settings = {ATTRIBUTES = (RemoveHeadersOnCopy, ); }; };
		646E8E371D5A6B60006D900B /* YouTubeSelectorTextField.swift in Sources */ = {isa = PBXBuildFile; fileRef = 646E8E361D5A6B60006D900B /* YouTubeSelectorTextField.swift */; };
		646F16481D183D8900D3EF81 /* AppDelegate.swift in Sources */ = {isa = PBXBuildFile; fileRef = 646F16471D183D8900D3EF81 /* AppDelegate.swift */; };
		646F164A1D183D8900D3EF81 /* ViewController.swift in Sources */ = {isa = PBXBuildFile; fileRef = 646F16491D183D8900D3EF81 /* ViewController.swift */; };
		646F164F1D183D8900D3EF81 /* Main.storyboard in Resources */ = {isa = PBXBuildFile; fileRef = 646F164D1D183D8900D3EF81 /* Main.storyboard */; };
		64A21E791D4B9DD700DE2122 /* OverlayNotificationWindow.swift in Sources */ = {isa = PBXBuildFile; fileRef = 64A21E781D4B9DD700DE2122 /* OverlayNotificationWindow.swift */; };
		64A21E7B1D4BBFAE00DE2122 /* OverlayNotificationView.swift in Sources */ = {isa = PBXBuildFile; fileRef = 64A21E7A1D4BBFAE00DE2122 /* OverlayNotificationView.swift */; };
		64BA452D1D1B102800B49B27 /* PreferenceView.swift in Sources */ = {isa = PBXBuildFile; fileRef = 64BA452C1D1B102800B49B27 /* PreferenceView.swift */; };
		64C2F6AD1D2D56E6006A8532 /* WebPlayPause.scpt in Resources */ = {isa = PBXBuildFile; fileRef = 64C2F6AC1D2D56E5006A8532 /* WebPlayPause.scpt */; };
		64C4E62B1D6CC6A40075680B /* ServiceManagement.framework in Frameworks */ = {isa = PBXBuildFile; fileRef = 64C4E62A1D6CC6A40075680B /* ServiceManagement.framework */; };
		64C4E62D1D6CC6AE0075680B /* Cocoa.framework in Frameworks */ = {isa = PBXBuildFile; fileRef = 64C4E62C1D6CC6AE0075680B /* Cocoa.framework */; };
		64D0F1581D6CE5410015F6C1 /* SafariAllowJavaScript (not used).scpt in Resources */ = {isa = PBXBuildFile; fileRef = 64D0F1571D6CE5410015F6C1 /* SafariAllowJavaScript (not used).scpt */; };
		64F0618E1D56E21E0019AF85 /* YouTubeTabCount.scpt in Resources */ = {isa = PBXBuildFile; fileRef = 64F0618D1D56E21E0019AF85 /* YouTubeTabCount.scpt */; };
/* End PBXBuildFile section */

/* Begin PBXContainerItemProxy section */
		646F16561D183D8900D3EF81 /* PBXContainerItemProxy */ = {
			isa = PBXContainerItemProxy;
			containerPortal = 646F163C1D183D8900D3EF81 /* Project object */;
			proxyType = 1;
			remoteGlobalIDString = 646F16431D183D8900D3EF81;
			remoteInfo = Megalomedia;
		};
/* End PBXContainerItemProxy section */

/* Begin PBXCopyFilesBuildPhase section */
		6468E18E1D414FFC00D64694 /* CopyFiles */ = {
			isa = PBXCopyFilesBuildPhase;
			buildActionMask = 2147483647;
			dstPath = Contents/Library/LoginItems;
			dstSubfolderSpec = 1;
			files = (
				6468E18F1D41504D00D64694 /* MegalomediaHelper.app in CopyFiles */,
			);
			runOnlyForDeploymentPostprocessing = 0;
		};
/* End PBXCopyFilesBuildPhase section */

/* Begin PBXFileReference section */
		6400D0F51D280B4500B219CD /* AppPlayPause.scpt */ = {isa = PBXFileReference; lastKnownFileType = file; path = AppPlayPause.scpt; sourceTree = "<group>"; };
		64103AC21D5961CD00533330 /* YouTubeSelectorView.swift */ = {isa = PBXFileReference; fileEncoding = 4; lastKnownFileType = sourcecode.swift; path = YouTubeSelectorView.swift; sourceTree = "<group>"; };
		64262BB41D5AA2A10005BFCE /* YouTubeSelection.scpt */ = {isa = PBXFileReference; lastKnownFileType = file; path = YouTubeSelection.scpt; sourceTree = "<group>"; };
		64352E2E1D315A4E00758185 /* UniversalPause.scpt */ = {isa = PBXFileReference; lastKnownFileType = file; path = UniversalPause.scpt; sourceTree = "<group>"; };
		64352E301D315F1D00758185 /* Assets.xcassets */ = {isa = PBXFileReference; lastKnownFileType = folder.assetcatalog; path = Assets.xcassets; sourceTree = "<group>"; };
		6468E1811D414EDC00D64694 /* MegalomediaHelper.app */ = {isa = PBXFileReference; explicitFileType = wrapper.application; includeInIndex = 0; path = MegalomediaHelper.app; sourceTree = BUILT_PRODUCTS_DIR; };
		6468E1831D414EDC00D64694 /* AppDelegate.swift */ = {isa = PBXFileReference; lastKnownFileType = sourcecode.swift; path = AppDelegate.swift; sourceTree = "<group>"; };
		6468E1851D414EDC00D64694 /* Assets.xcassets */ = {isa = PBXFileReference; lastKnownFileType = folder.assetcatalog; path = Assets.xcassets; sourceTree = "<group>"; };
		6468E1881D414EDC00D64694 /* Base */ = {isa = PBXFileReference; lastKnownFileType = file.xib; name = Base; path = Base.lproj/MainMenu.xib; sourceTree = "<group>"; };
		6468E18A1D414EDC00D64694 /* Info.plist */ = {isa = PBXFileReference; lastKnownFileType = text.plist.xml; path = Info.plist; sourceTree = "<group>"; };
		646E8E361D5A6B60006D900B /* YouTubeSelectorTextField.swift */ = {isa = PBXFileReference; fileEncoding = 4; lastKnownFileType = sourcecode.swift; path = YouTubeSelectorTextField.swift; sourceTree = "<group>"; };
		646F16441D183D8900D3EF81 /* Megalomedia.app */ = {isa = PBXFileReference; explicitFileType = wrapper.application; includeInIndex = 0; path = Megalomedia.app; sourceTree = BUILT_PRODUCTS_DIR; };
		646F16471D183D8900D3EF81 /* AppDelegate.swift */ = {isa = PBXFileReference; lastKnownFileType = sourcecode.swift; path = AppDelegate.swift; sourceTree = "<group>"; };
		646F16491D183D8900D3EF81 /* ViewController.swift */ = {isa = PBXFileReference; lastKnownFileType = sourcecode.swift; path = ViewController.swift; sourceTree = "<group>"; };
		646F164E1D183D8900D3EF81 /* Base */ = {isa = PBXFileReference; lastKnownFileType = file.storyboard; name = Base; path = Base.lproj/Main.storyboard; sourceTree = "<group>"; };
		646F16501D183D8900D3EF81 /* Info.plist */ = {isa = PBXFileReference; lastKnownFileType = text.plist.xml; path = Info.plist; sourceTree = "<group>"; };
		646F16551D183D8900D3EF81 /* MegalomediaTests.xctest */ = {isa = PBXFileReference; explicitFileType = wrapper.cfbundle; includeInIndex = 0; path = MegalomediaTests.xctest; sourceTree = BUILT_PRODUCTS_DIR; };
		64A21E781D4B9DD700DE2122 /* OverlayNotificationWindow.swift */ = {isa = PBXFileReference; fileEncoding = 4; lastKnownFileType = sourcecode.swift; path = OverlayNotificationWindow.swift; sourceTree = "<group>"; };
		64A21E7A1D4BBFAE00DE2122 /* OverlayNotificationView.swift */ = {isa = PBXFileReference; fileEncoding = 4; lastKnownFileType = sourcecode.swift; path = OverlayNotificationView.swift; sourceTree = "<group>"; };
		64BA452C1D1B102800B49B27 /* PreferenceView.swift */ = {isa = PBXFileReference; fileEncoding = 4; lastKnownFileType = sourcecode.swift; path = PreferenceView.swift; sourceTree = "<group>"; };
		64C2F6AC1D2D56E5006A8532 /* WebPlayPause.scpt */ = {isa = PBXFileReference; lastKnownFileType = file; path = WebPlayPause.scpt; sourceTree = "<group>"; };
		64C4E6281D6CC6100075680B /* Megalomedia.entitlements */ = {isa = PBXFileReference; lastKnownFileType = text.xml; path = Megalomedia.entitlements; sourceTree = "<group>"; };
		64C4E6291D6CC61C0075680B /* MegalomediaHelper.entitlements */ = {isa = PBXFileReference; lastKnownFileType = text.xml; path = MegalomediaHelper.entitlements; sourceTree = "<group>"; };
		64C4E62A1D6CC6A40075680B /* ServiceManagement.framework */ = {isa = PBXFileReference; lastKnownFileType = wrapper.framework; name = ServiceManagement.framework; path = System/Library/Frameworks/ServiceManagement.framework; sourceTree = SDKROOT; };
		64C4E62C1D6CC6AE0075680B /* Cocoa.framework */ = {isa = PBXFileReference; lastKnownFileType = wrapper.framework; name = Cocoa.framework; path = System/Library/Frameworks/Cocoa.framework; sourceTree = SDKROOT; };
		64D0F1571D6CE5410015F6C1 /* SafariAllowJavaScript (not used).scpt */ = {isa = PBXFileReference; lastKnownFileType = file; name = "SafariAllowJavaScript (not used).scpt"; path = "../../../../Desktop/SafariAllowJavaScript (not used).scpt"; sourceTree = "<group>"; };
		64F0618D1D56E21E0019AF85 /* YouTubeTabCount.scpt */ = {isa = PBXFileReference; lastKnownFileType = file; path = YouTubeTabCount.scpt; sourceTree = "<group>"; };
/* End PBXFileReference section */

/* Begin PBXFrameworksBuildPhase section */
		6468E17E1D414EDC00D64694 /* Frameworks */ = {
			isa = PBXFrameworksBuildPhase;
			buildActionMask = 2147483647;
			files = (
			);
			runOnlyForDeploymentPostprocessing = 0;
		};
		646F16411D183D8900D3EF81 /* Frameworks */ = {
			isa = PBXFrameworksBuildPhase;
			buildActionMask = 2147483647;
			files = (
				64C4E62D1D6CC6AE0075680B /* Cocoa.framework in Frameworks */,
				64C4E62B1D6CC6A40075680B /* ServiceManagement.framework in Frameworks */,
			);
			runOnlyForDeploymentPostprocessing = 0;
		};
		646F16521D183D8900D3EF81 /* Frameworks */ = {
			isa = PBXFrameworksBuildPhase;
			buildActionMask = 2147483647;
			files = (
			);
			runOnlyForDeploymentPostprocessing = 0;
		};
/* End PBXFrameworksBuildPhase section */

/* Begin PBXGroup section */
		6468E1821D414EDC00D64694 /* MegalomediaHelper */ = {
			isa = PBXGroup;
			children = (
				64C4E6291D6CC61C0075680B /* MegalomediaHelper.entitlements */,
				6468E1831D414EDC00D64694 /* AppDelegate.swift */,
				6468E1851D414EDC00D64694 /* Assets.xcassets */,
				6468E1871D414EDC00D64694 /* MainMenu.xib */,
				6468E18A1D414EDC00D64694 /* Info.plist */,
			);
			path = MegalomediaHelper;
			sourceTree = "<group>";
		};
		646F163B1D183D8900D3EF81 = {
			isa = PBXGroup;
			children = (
				64C4E62C1D6CC6AE0075680B /* Cocoa.framework */,
				64C4E62A1D6CC6A40075680B /* ServiceManagement.framework */,
				646F16461D183D8900D3EF81 /* Megalomedia */,
				6468E1821D414EDC00D64694 /* MegalomediaHelper */,
				646F16451D183D8900D3EF81 /* Products */,
			);
			sourceTree = "<group>";
		};
		646F16451D183D8900D3EF81 /* Products */ = {
			isa = PBXGroup;
			children = (
				646F16441D183D8900D3EF81 /* Megalomedia.app */,
				646F16551D183D8900D3EF81 /* MegalomediaTests.xctest */,
				6468E1811D414EDC00D64694 /* MegalomediaHelper.app */,
			);
			name = Products;
			sourceTree = "<group>";
		};
		646F16461D183D8900D3EF81 /* Megalomedia */ = {
			isa = PBXGroup;
			children = (
				64C4E6281D6CC6100075680B /* Megalomedia.entitlements */,
				646F16471D183D8900D3EF81 /* AppDelegate.swift */,
				646F16491D183D8900D3EF81 /* ViewController.swift */,
				646E8E361D5A6B60006D900B /* YouTubeSelectorTextField.swift */,
				64103AC21D5961CD00533330 /* YouTubeSelectorView.swift */,
				64BA452C1D1B102800B49B27 /* PreferenceView.swift */,
				64A21E7A1D4BBFAE00DE2122 /* OverlayNotificationView.swift */,
				64A21E781D4B9DD700DE2122 /* OverlayNotificationWindow.swift */,
				64D0F1591D6CE55D0015F6C1 /* Scripts */,
				64352E301D315F1D00758185 /* Assets.xcassets */,
				646F164D1D183D8900D3EF81 /* Main.storyboard */,
				646F16501D183D8900D3EF81 /* Info.plist */,
			);
			path = Megalomedia;
			sourceTree = "<group>";
		};
		64D0F1591D6CE55D0015F6C1 /* Scripts */ = {
			isa = PBXGroup;
			children = (
				6400D0F51D280B4500B219CD /* AppPlayPause.scpt */,
				64C2F6AC1D2D56E5006A8532 /* WebPlayPause.scpt */,
				64F0618D1D56E21E0019AF85 /* YouTubeTabCount.scpt */,
				64262BB41D5AA2A10005BFCE /* YouTubeSelection.scpt */,
				64352E2E1D315A4E00758185 /* UniversalPause.scpt */,
				64D0F1571D6CE5410015F6C1 /* SafariAllowJavaScript (not used).scpt */,
			);
			name = Scripts;
			sourceTree = "<group>";
		};
/* End PBXGroup section */

/* Begin PBXNativeTarget section */
		6468E1801D414EDC00D64694 /* MegalomediaHelper */ = {
			isa = PBXNativeTarget;
			buildConfigurationList = 6468E18D1D414EDC00D64694 /* Build configuration list for PBXNativeTarget "MegalomediaHelper" */;
			buildPhases = (
				6468E17D1D414EDC00D64694 /* Sources */,
				6468E17E1D414EDC00D64694 /* Frameworks */,
				6468E17F1D414EDC00D64694 /* Resources */,
			);
			buildRules = (
			);
			dependencies = (
			);
			name = MegalomediaHelper;
			productName = MegalomediaHelper;
			productReference = 6468E1811D414EDC00D64694 /* MegalomediaHelper.app */;
			productType = "com.apple.product-type.application";
		};
		646F16431D183D8900D3EF81 /* Megalomedia */ = {
			isa = PBXNativeTarget;
			buildConfigurationList = 646F165E1D183D8900D3EF81 /* Build configuration list for PBXNativeTarget "Megalomedia" */;
			buildPhases = (
				646F16401D183D8900D3EF81 /* Sources */,
				646F16411D183D8900D3EF81 /* Frameworks */,
				646F16421D183D8900D3EF81 /* Resources */,
				6468E18E1D414FFC00D64694 /* CopyFiles */,
			);
			buildRules = (
			);
			dependencies = (
			);
			name = Megalomedia;
			productName = Megalomedia;
			productReference = 646F16441D183D8900D3EF81 /* Megalomedia.app */;
			productType = "com.apple.product-type.application";
		};
		646F16541D183D8900D3EF81 /* MegalomediaTests */ = {
			isa = PBXNativeTarget;
			buildConfigurationList = 646F16611D183D8900D3EF81 /* Build configuration list for PBXNativeTarget "MegalomediaTests" */;
			buildPhases = (
				646F16511D183D8900D3EF81 /* Sources */,
				646F16521D183D8900D3EF81 /* Frameworks */,
				646F16531D183D8900D3EF81 /* Resources */,
			);
			buildRules = (
			);
			dependencies = (
				646F16571D183D8900D3EF81 /* PBXTargetDependency */,
			);
			name = MegalomediaTests;
			productName = MegalomediaTests;
			productReference = 646F16551D183D8900D3EF81 /* MegalomediaTests.xctest */;
			productType = "com.apple.product-type.bundle.unit-test";
		};
/* End PBXNativeTarget section */

/* Begin PBXProject section */
		646F163C1D183D8900D3EF81 /* Project object */ = {
			isa = PBXProject;
			attributes = {
				LastSwiftUpdateCheck = 0730;
				LastUpgradeCheck = 0730;
				ORGANIZATIONNAME = "Justin Shi";
				TargetAttributes = {
					6468E1801D414EDC00D64694 = {
						CreatedOnToolsVersion = 7.3.1;
						DevelopmentTeam = 2TL5Q3XF2A;
						SystemCapabilities = {
							com.apple.Sandbox = {
								enabled = 1;
							};
						};
					};
					646F16431D183D8900D3EF81 = {
						CreatedOnToolsVersion = 7.3.1;
						DevelopmentTeam = 2TL5Q3XF2A;
						SystemCapabilities = {
							com.apple.Sandbox = {
								enabled = 1;
							};
						};
					};
					646F16541D183D8900D3EF81 = {
						CreatedOnToolsVersion = 7.3.1;
						TestTargetID = 646F16431D183D8900D3EF81;
					};
				};
			};
			buildConfigurationList = 646F163F1D183D8900D3EF81 /* Build configuration list for PBXProject "Megalomedia" */;
			compatibilityVersion = "Xcode 3.2";
			developmentRegion = English;
			hasScannedForEncodings = 0;
			knownRegions = (
				en,
				Base,
			);
			mainGroup = 646F163B1D183D8900D3EF81;
			productRefGroup = 646F16451D183D8900D3EF81 /* Products */;
			projectDirPath = "";
			projectRoot = "";
			targets = (
				646F16431D183D8900D3EF81 /* Megalomedia */,
				646F16541D183D8900D3EF81 /* MegalomediaTests */,
				6468E1801D414EDC00D64694 /* MegalomediaHelper */,
			);
		};
/* End PBXProject section */

/* Begin PBXResourcesBuildPhase section */
		6468E17F1D414EDC00D64694 /* Resources */ = {
			isa = PBXResourcesBuildPhase;
			buildActionMask = 2147483647;
			files = (
				6468E1861D414EDC00D64694 /* Assets.xcassets in Resources */,
				6468E1891D414EDC00D64694 /* MainMenu.xib in Resources */,
			);
			runOnlyForDeploymentPostprocessing = 0;
		};
		646F16421D183D8900D3EF81 /* Resources */ = {
			isa = PBXResourcesBuildPhase;
			buildActionMask = 2147483647;
			files = (
				64262BB51D5AA2A10005BFCE /* YouTubeSelection.scpt in Resources */,
				6400D0F61D280B4500B219CD /* AppPlayPause.scpt in Resources */,
				646F164F1D183D8900D3EF81 /* Main.storyboard in Resources */,
				64C2F6AD1D2D56E6006A8532 /* WebPlayPause.scpt in Resources */,
				64F0618E1D56E21E0019AF85 /* YouTubeTabCount.scpt in Resources */,
				64352E2F1D315A4E00758185 /* UniversalPause.scpt in Resources */,
				64D0F1581D6CE5410015F6C1 /* SafariAllowJavaScript (not used).scpt in Resources */,
				64352E311D315F1D00758185 /* Assets.xcassets in Resources */,
			);
			runOnlyForDeploymentPostprocessing = 0;
		};
		646F16531D183D8900D3EF81 /* Resources */ = {
			isa = PBXResourcesBuildPhase;
			buildActionMask = 2147483647;
			files = (
			);
			runOnlyForDeploymentPostprocessing = 0;
		};
/* End PBXResourcesBuildPhase section */

/* Begin PBXSourcesBuildPhase section */
		6468E17D1D414EDC00D64694 /* Sources */ = {
			isa = PBXSourcesBuildPhase;
			buildActionMask = 2147483647;
			files = (
				6468E1841D414EDC00D64694 /* AppDelegate.swift in Sources */,
			);
			runOnlyForDeploymentPostprocessing = 0;
		};
		646F16401D183D8900D3EF81 /* Sources */ = {
			isa = PBXSourcesBuildPhase;
			buildActionMask = 2147483647;
			files = (
				646E8E371D5A6B60006D900B /* YouTubeSelectorTextField.swift in Sources */,
				646F164A1D183D8900D3EF81 /* ViewController.swift in Sources */,
				64A21E791D4B9DD700DE2122 /* OverlayNotificationWindow.swift in Sources */,
				64A21E7B1D4BBFAE00DE2122 /* OverlayNotificationView.swift in Sources */,
				646F16481D183D8900D3EF81 /* AppDelegate.swift in Sources */,
				64BA452D1D1B102800B49B27 /* PreferenceView.swift in Sources */,
				64103AC31D5961CD00533330 /* YouTubeSelectorView.swift in Sources */,
			);
			runOnlyForDeploymentPostprocessing = 0;
		};
		646F16511D183D8900D3EF81 /* Sources */ = {
			isa = PBXSourcesBuildPhase;
			buildActionMask = 2147483647;
			files = (
			);
			runOnlyForDeploymentPostprocessing = 0;
		};
/* End PBXSourcesBuildPhase section */

/* Begin PBXTargetDependency section */
		646F16571D183D8900D3EF81 /* PBXTargetDependency */ = {
			isa = PBXTargetDependency;
			target = 646F16431D183D8900D3EF81 /* Megalomedia */;
			targetProxy = 646F16561D183D8900D3EF81 /* PBXContainerItemProxy */;
		};
/* End PBXTargetDependency section */

/* Begin PBXVariantGroup section */
		6468E1871D414EDC00D64694 /* MainMenu.xib */ = {
			isa = PBXVariantGroup;
			children = (
				6468E1881D414EDC00D64694 /* Base */,
			);
			name = MainMenu.xib;
			sourceTree = "<group>";
		};
		646F164D1D183D8900D3EF81 /* Main.storyboard */ = {
			isa = PBXVariantGroup;
			children = (
				646F164E1D183D8900D3EF81 /* Base */,
			);
			name = Main.storyboard;
			sourceTree = "<group>";
		};
/* End PBXVariantGroup section */

/* Begin XCBuildConfiguration section */
		6468E18B1D414EDC00D64694 /* Debug */ = {
			isa = XCBuildConfiguration;
			buildSettings = {
				ASSETCATALOG_COMPILER_APPICON_NAME = AppIcon;
				CODE_SIGN_ENTITLEMENTS = MegalomediaHelper/MegalomediaHelper.entitlements;
				CODE_SIGN_IDENTITY = "Mac Developer";
				"CODE_SIGN_IDENTITY[sdk=macosx*]" = "Mac Developer";
				COMBINE_HIDPI_IMAGES = YES;
				INFOPLIST_FILE = MegalomediaHelper/Info.plist;
				LD_RUNPATH_SEARCH_PATHS = "$(inherited) @executable_path/../Frameworks";
				PRODUCT_BUNDLE_IDENTIFIER = com.justinshi.MegalomediaHelper;
				PRODUCT_NAME = "$(TARGET_NAME)";
				PROVISIONING_PROFILE = "";
				SKIP_INSTALL = YES;
			};
			name = Debug;
		};
		6468E18C1D414EDC00D64694 /* Release */ = {
			isa = XCBuildConfiguration;
			buildSettings = {
				ASSETCATALOG_COMPILER_APPICON_NAME = AppIcon;
				CODE_SIGN_ENTITLEMENTS = MegalomediaHelper/MegalomediaHelper.entitlements;
				CODE_SIGN_IDENTITY = "Mac Developer";
				"CODE_SIGN_IDENTITY[sdk=macosx*]" = "Mac Developer";
				COMBINE_HIDPI_IMAGES = YES;
				INFOPLIST_FILE = MegalomediaHelper/Info.plist;
				LD_RUNPATH_SEARCH_PATHS = "$(inherited) @executable_path/../Frameworks";
				PRODUCT_BUNDLE_IDENTIFIER = com.justinshi.MegalomediaHelper;
				PRODUCT_NAME = "$(TARGET_NAME)";
				PROVISIONING_PROFILE = "";
				SKIP_INSTALL = YES;
			};
			name = Release;
		};
		646F165C1D183D8900D3EF81 /* Debug */ = {
			isa = XCBuildConfiguration;
			buildSettings = {
				ALWAYS_SEARCH_USER_PATHS = NO;
				CLANG_ANALYZER_NONNULL = YES;
				CLANG_CXX_LANGUAGE_STANDARD = "gnu++0x";
				CLANG_CXX_LIBRARY = "libc++";
				CLANG_ENABLE_MODULES = YES;
				CLANG_ENABLE_OBJC_ARC = YES;
				CLANG_WARN_BOOL_CONVERSION = YES;
				CLANG_WARN_CONSTANT_CONVERSION = YES;
				CLANG_WARN_DIRECT_OBJC_ISA_USAGE = YES_ERROR;
				CLANG_WARN_EMPTY_BODY = YES;
				CLANG_WARN_ENUM_CONVERSION = YES;
				CLANG_WARN_INT_CONVERSION = YES;
				CLANG_WARN_OBJC_ROOT_CLASS = YES_ERROR;
				CLANG_WARN_UNREACHABLE_CODE = YES;
				CLANG_WARN__DUPLICATE_METHOD_MATCH = YES;
				CODE_SIGN_IDENTITY = "-";
				COPY_PHASE_STRIP = NO;
				DEBUG_INFORMATION_FORMAT = dwarf;
				ENABLE_STRICT_OBJC_MSGSEND = YES;
				ENABLE_TESTABILITY = YES;
				GCC_C_LANGUAGE_STANDARD = gnu99;
				GCC_DYNAMIC_NO_PIC = NO;
				GCC_NO_COMMON_BLOCKS = YES;
				GCC_OPTIMIZATION_LEVEL = 0;
				GCC_PREPROCESSOR_DEFINITIONS = (
					"DEBUG=1",
					"$(inherited)",
				);
				GCC_WARN_64_TO_32_BIT_CONVERSION = YES;
				GCC_WARN_ABOUT_RETURN_TYPE = YES_ERROR;
				GCC_WARN_UNDECLARED_SELECTOR = YES;
				GCC_WARN_UNINITIALIZED_AUTOS = YES_AGGRESSIVE;
				GCC_WARN_UNUSED_FUNCTION = YES;
				GCC_WARN_UNUSED_VARIABLE = YES;
				MACOSX_DEPLOYMENT_TARGET = 10.11;
				MTL_ENABLE_DEBUG_INFO = YES;
				ONLY_ACTIVE_ARCH = YES;
				SDKROOT = macosx;
				SWIFT_OPTIMIZATION_LEVEL = "-Onone";
			};
			name = Debug;
		};
		646F165D1D183D8900D3EF81 /* Release */ = {
			isa = XCBuildConfiguration;
			buildSettings = {
				ALWAYS_SEARCH_USER_PATHS = NO;
				CLANG_ANALYZER_NONNULL = YES;
				CLANG_CXX_LANGUAGE_STANDARD = "gnu++0x";
				CLANG_CXX_LIBRARY = "libc++";
				CLANG_ENABLE_MODULES = YES;
				CLANG_ENABLE_OBJC_ARC = YES;
				CLANG_WARN_BOOL_CONVERSION = YES;
				CLANG_WARN_CONSTANT_CONVERSION = YES;
				CLANG_WARN_DIRECT_OBJC_ISA_USAGE = YES_ERROR;
				CLANG_WARN_EMPTY_BODY = YES;
				CLANG_WARN_ENUM_CONVERSION = YES;
				CLANG_WARN_INT_CONVERSION = YES;
				CLANG_WARN_OBJC_ROOT_CLASS = YES_ERROR;
				CLANG_WARN_UNREACHABLE_CODE = YES;
				CLANG_WARN__DUPLICATE_METHOD_MATCH = YES;
				CODE_SIGN_IDENTITY = "-";
				COPY_PHASE_STRIP = NO;
				DEBUG_INFORMATION_FORMAT = "dwarf-with-dsym";
				ENABLE_NS_ASSERTIONS = NO;
				ENABLE_STRICT_OBJC_MSGSEND = YES;
				GCC_C_LANGUAGE_STANDARD = gnu99;
				GCC_NO_COMMON_BLOCKS = YES;
				GCC_WARN_64_TO_32_BIT_CONVERSION = YES;
				GCC_WARN_ABOUT_RETURN_TYPE = YES_ERROR;
				GCC_WARN_UNDECLARED_SELECTOR = YES;
				GCC_WARN_UNINITIALIZED_AUTOS = YES_AGGRESSIVE;
				GCC_WARN_UNUSED_FUNCTION = YES;
				GCC_WARN_UNUSED_VARIABLE = YES;
				MACOSX_DEPLOYMENT_TARGET = 10.11;
				MTL_ENABLE_DEBUG_INFO = NO;
				SDKROOT = macosx;
			};
			name = Release;
		};
		646F165F1D183D8900D3EF81 /* Debug */ = {
			isa = XCBuildConfiguration;
			buildSettings = {
				ASSETCATALOG_COMPILER_APPICON_NAME = AppIcon;
				CODE_SIGN_ENTITLEMENTS = Megalomedia/Megalomedia.entitlements;
				CODE_SIGN_IDENTITY = "Mac Developer";
				COMBINE_HIDPI_IMAGES = YES;
				INFOPLIST_FILE = Megalomedia/Info.plist;
				LD_RUNPATH_SEARCH_PATHS = "$(inherited) @executable_path/../Frameworks";
				PRODUCT_BUNDLE_IDENTIFIER = com.justinshi.Megalomedia;
				PRODUCT_NAME = "$(TARGET_NAME)";
			};
			name = Debug;
		};
		646F16601D183D8900D3EF81 /* Release */ = {
			isa = XCBuildConfiguration;
			buildSettings = {
				ASSETCATALOG_COMPILER_APPICON_NAME = AppIcon;
				CODE_SIGN_ENTITLEMENTS = Megalomedia/Megalomedia.entitlements;
				CODE_SIGN_IDENTITY = "Mac Developer";
				COMBINE_HIDPI_IMAGES = YES;
				INFOPLIST_FILE = Megalomedia/Info.plist;
				LD_RUNPATH_SEARCH_PATHS = "$(inherited) @executable_path/../Frameworks";
				PRODUCT_BUNDLE_IDENTIFIER = com.justinshi.Megalomedia;
				PRODUCT_NAME = "$(TARGET_NAME)";
			};
			name = Release;
		};
		646F16621D183D8900D3EF81 /* Debug */ = {
			isa = XCBuildConfiguration;
			buildSettings = {
				BUNDLE_LOADER = "$(TEST_HOST)";
				COMBINE_HIDPI_IMAGES = YES;
				INFOPLIST_FILE = MegalomediaTests/Info.plist;
				LD_RUNPATH_SEARCH_PATHS = "$(inherited) @executable_path/../Frameworks @loader_path/../Frameworks";
				PRODUCT_BUNDLE_IDENTIFIER = com.justinshi.MegalomediaTests;
				PRODUCT_NAME = "$(TARGET_NAME)";
				TEST_HOST = "$(BUILT_PRODUCTS_DIR)/Megalomedia.app/Contents/MacOS/Megalomedia";
			};
			name = Debug;
		};
		646F16631D183D8900D3EF81 /* Release */ = {
			isa = XCBuildConfiguration;
			buildSettings = {
				BUNDLE_LOADER = "$(TEST_HOST)";
				COMBINE_HIDPI_IMAGES = YES;
				INFOPLIST_FILE = MegalomediaTests/Info.plist;
				LD_RUNPATH_SEARCH_PATHS = "$(inherited) @executable_path/../Frameworks @loader_path/../Frameworks";
				PRODUCT_BUNDLE_IDENTIFIER = com.justinshi.MegalomediaTests;
				PRODUCT_NAME = "$(TARGET_NAME)";
				TEST_HOST = "$(BUILT_PRODUCTS_DIR)/Megalomedia.app/Contents/MacOS/Megalomedia";
			};
			name = Release;
		};
/* End XCBuildConfiguration section */

/* Begin XCConfigurationList section */
		6468E18D1D414EDC00D64694 /* Build configuration list for PBXNativeTarget "MegalomediaHelper" */ = {
			isa = XCConfigurationList;
			buildConfigurations = (
				6468E18B1D414EDC00D64694 /* Debug */,
				6468E18C1D414EDC00D64694 /* Release */,
			);
			defaultConfigurationIsVisible = 0;
			defaultConfigurationName = Release;
		};
		646F163F1D183D8900D3EF81 /* Build configuration list for PBXProject "Megalomedia" */ = {
			isa = XCConfigurationList;
			buildConfigurations = (
				646F165C1D183D8900D3EF81 /* Debug */,
				646F165D1D183D8900D3EF81 /* Release */,
			);
			defaultConfigurationIsVisible = 0;
			defaultConfigurationName = Release;
		};
		646F165E1D183D8900D3EF81 /* Build configuration list for PBXNativeTarget "Megalomedia" */ = {
			isa = XCConfigurationList;
			buildConfigurations = (
				646F165F1D183D8900D3EF81 /* Debug */,
				646F16601D183D8900D3EF81 /* Release */,
			);
			defaultConfigurationIsVisible = 0;
			defaultConfigurationName = Release;
		};
		646F16611D183D8900D3EF81 /* Build configuration list for PBXNativeTarget "MegalomediaTests" */ = {
			isa = XCConfigurationList;
			buildConfigurations = (
				646F16621D183D8900D3EF81 /* Debug */,
				646F16631D183D8900D3EF81 /* Release */,
			);
			defaultConfigurationIsVisible = 0;
			defaultConfigurationName = Release;
		};
/* End XCConfigurationList section */
	};
	rootObject = 646F163C1D183D8900D3EF81 /* Project object */;
}
